
Microsoft Visual Studio Solution File, Format Version 12.00
# Visual Studio 2012
Project("{D954291E-2A0B-460D-934E-DC6B0785DB48}") = "TemplateSelectorExample", "TemplateSelectorExample\TemplateSelectorExample.shproj", "{473B6F34-5410-4421-8B8D-646E49F97FE4}"
EndProject
Project("{FAE04EC0-301F-11D3-BF4B-00C04F79EFBC}") = "TemplateSelectorExample.iOS", "iOS\TemplateSelectorExample.iOS.csproj", "{244D6C54-F475-4DD7-960F-D906B030CCB1}"
EndProject
Project("{FAE04EC0-301F-11D3-BF4B-00C04F79EFBC}") = "TemplateSelectorExample.Droid", "Droid\TemplateSelectorExample.Droid.csproj", "{4358F945-44CD-4DF9-A9C2-F22788A5F1A9}"
EndProject
Global
	GlobalSection(SolutionConfigurationPlatforms) = preSolution
		Debug|iPhoneSimulator = Debug|iPhoneSimulator
		Release|iPhone = Release|iPhone
		Release|iPhoneSimulator = Release|iPhoneSimulator
		Debug|iPhone = Debug|iPhone
		Debug|Any CPU = Debug|Any CPU
		Release|Any CPU = Release|Any CPU
	EndGlobalSection
	GlobalSection(ProjectConfigurationPlatforms) = postSolution
		{244D6C54-F475-4DD7-960F-D906B030CCB1}.Debug|iPhoneSimulator.ActiveCfg = Debug|iPhoneSimulator
		{244D6C54-F475-4DD7-960F-D906B030CCB1}.Debug|iPhoneSimulator.Build.0 = Debug|iPhoneSimulator
		{244D6C54-F475-4DD7-960F-D906B030CCB1}.Release|iPhone.ActiveCfg = Release|iPhone
		{244D6C54-F475-4DD7-960F-D906B030CCB1}.Release|iPhone.Build.0 = Release|iPhone
		{244D6C54-F475-4DD7-960F-D906B030CCB1}.Release|iPhoneSimulator.ActiveCfg = Release|iPhoneSimulator
		{244D6C54-F475-4DD7-960F-D906B030CCB1}.Release|iPhoneSimulator.Build.0 = Release|iPhoneSimulator
		{244D6C54-F475-4DD7-960F-D906B030CCB1}.Debug|iPhone.ActiveCfg = Debug|iPhone
		{244D6C54-F475-4DD7-960F-D906B030CCB1}.Debug|iPhone.Build.0 = Debug|iPhone
		{244D6C54-F475-4DD7-960F-D906B030CCB1}.Debug|Any CPU.ActiveCfg = Debug|iPhoneSimulator
		{244D6C54-F475-4DD7-960F-D906B030CCB1}.Debug|Any CPU.Build.0 = Debug|iPhoneSimulator
		{244D6C54-F475-4DD7-960F-D906B030CCB1}.Release|Any CPU.ActiveCfg = Release|iPhone
		{244D6C54-F475-4DD7-960F-D906B030CCB1}.Release|Any CPU.Build.0 = Release|iPhone
		{4358F945-44CD-4DF9-A9C2-F22788A5F1A9}.Debug|iPhoneSimulator.ActiveCfg = Debug|Any CPU
		{4358F945-44CD-4DF9-A9C2-F22788A5F1A9}.Debug|iPhoneSimulator.Build.0 = Debug|Any CPU
		{4358F945-44CD-4DF9-A9C2-F22788A5F1A9}.Release|iPhone.ActiveCfg = Release|Any CPU
		{4358F945-44CD-4DF9-A9C2-F22788A5F1A9}.Release|iPhone.Build.0 = Release|Any CPU
		{4358F945-44CD-4DF9-A9C2-F22788A5F1A9}.Release|iPhoneSimulator.ActiveCfg = Release|Any CPU
		{4358F945-44CD-4DF9-A9C2-F22788A5F1A9}.Release|iPhoneSimulator.Build.0 = Release|Any CPU
		{4358F945-44CD-4DF9-A9C2-F22788A5F1A9}.Debug|iPhone.ActiveCfg = Debug|Any CPU
		{4358F945-44CD-4DF9-A9C2-F22788A5F1A9}.Debug|iPhone.Build.0 = Debug|Any CPU
		{4358F945-44CD-4DF9-A9C2-F22788A5F1A9}.Debug|Any CPU.ActiveCfg = Debug|Any CPU
		{4358F945-44CD-4DF9-A9C2-F22788A5F1A9}.Debug|Any CPU.Build.0 = Debug|Any CPU
		{4358F945-44CD-4DF9-A9C2-F22788A5F1A9}.Release|Any CPU.ActiveCfg = Release|Any CPU
		{4358F945-44CD-4DF9-A9C2-F22788A5F1A9}.Release|Any CPU.Build.0 = Release|Any CPU
	EndGlobalSection
EndGlobal
